
Microsoft Visual Studio Solution File, Format Version 12.00
# Visual Studio Version 17
VisualStudioVersion = 17.14.36603.0 d17.14
MinimumVisualStudioVersion = 10.0.40219.1
Project("{FAE04EC0-301F-11D3-BF4B-00C04F79EFBC}") = "WEBapiCS_TaskManager", "..\..\WEBapiCS_TaskManager\WEBapiCS_TaskManager.csproj", "{C078A8FC-4A4D-A3CE-A71E-4C546A8B2D11}"
EndProject
Global
	GlobalSection(SolutionConfigurationPlatforms) = preSolution
		Debug|Any CPU = Debug|Any CPU
		Release|Any CPU = Release|Any CPU
	EndGlobalSection
	GlobalSection(ProjectConfigurationPlatforms) = postSolution
		{C078A8FC-4A4D-A3CE-A71E-4C546A8B2D11}.Debug|Any CPU.ActiveCfg = Debug|Any CPU
		{C078A8FC-4A4D-A3CE-A71E-4C546A8B2D11}.Debug|Any CPU.Build.0 = Debug|Any CPU
		{C078A8FC-4A4D-A3CE-A71E-4C546A8B2D11}.Release|Any CPU.ActiveCfg = Release|Any CPU
		{C078A8FC-4A4D-A3CE-A71E-4C546A8B2D11}.Release|Any CPU.Build.0 = Release|Any CPU
	EndGlobalSection
	GlobalSection(SolutionProperties) = preSolution
		HideSolutionNode = FALSE
	EndGlobalSection
	GlobalSection(ExtensibilityGlobals) = postSolution
		SolutionGuid = {6C9F9051-A5E6-46EB-97E7-7AC2A9D79621}
	EndGlobalSection
EndGlobal
